
Microsoft Visual Studio Solution File, Format Version 12.00
# Visual Studio 2012
Project("{FAE04EC0-301F-11D3-BF4B-00C04F79EFBC}") = "System.Spec", "System.Spec\System.Spec.csproj", "{D52F70D6-7F9A-459C-8302-3F848C89C3C0}"
EndProject
Project("{FAE04EC0-301F-11D3-BF4B-00C04F79EFBC}") = "System.Spec.Specs", "System.Spec.Specs\System.Spec.Specs.csproj", "{FA0A5A6C-6A27-4E41-9910-314CB6D4F448}"
EndProject
Project("{FAE04EC0-301F-11D3-BF4B-00C04F79EFBC}") = "System.Spec.Console", "System.Spec.Console\System.Spec.Console.csproj", "{EBAB25A5-EC6E-4705-8550-983B74740828}"
EndProject
Project("{FAE04EC0-301F-11D3-BF4B-00C04F79EFBC}") = "System.Spec.Command", "System.Spec.Command\System.Spec.Command.csproj", "{83AFB279-5FA1-4240-8509-16FBA4A40B96}"
EndProject
Project("{FAE04EC0-301F-11D3-BF4B-00C04F79EFBC}") = "System.Spec.Examples.Specs", "System.Spec.Examples.Specs\System.Spec.Examples.Specs.csproj", "{5E1EBCA6-B6FA-46D0-9CD9-6DC7274900E0}"
EndProject
Project("{FAE04EC0-301F-11D3-BF4B-00C04F79EFBC}") = "System.Spec.VisualStudio", "System.Spec.VisualStudio\System.Spec.VisualStudio.csproj", "{90D05E7A-1450-4076-ABCB-0795D2E278A8}"
EndProject
Project("{FAE04EC0-301F-11D3-BF4B-00C04F79EFBC}") = "System.Spec.MoreExamples.Specs", "System.Spec.MoreExamples.Specs\System.Spec.MoreExamples.Specs.csproj", "{DD5CB344-004A-4A59-8BEE-98162DBECD33}"
EndProject
Project("{FAE04EC0-301F-11D3-BF4B-00C04F79EFBC}") = "System.Spec.VisualStudio.Extension", "System.Spec.VisualStudio.Extension\System.Spec.VisualStudio.Extension.csproj", "{3B7DDA17-D46D-463D-82A8-785A78A2E4B6}"
EndProject
Global
	GlobalSection(SolutionConfigurationPlatforms) = preSolution
		Debug|Any CPU = Debug|Any CPU
		Debug|Mixed Platforms = Debug|Mixed Platforms
		Debug|x64 = Debug|x64
		Debug|x86 = Debug|x86
		Release|Any CPU = Release|Any CPU
		Release|Mixed Platforms = Release|Mixed Platforms
		Release|x64 = Release|x64
		Release|x86 = Release|x86
	EndGlobalSection
	GlobalSection(ProjectConfigurationPlatforms) = postSolution
		{D52F70D6-7F9A-459C-8302-3F848C89C3C0}.Debug|Any CPU.ActiveCfg = Debug|Any CPU
		{D52F70D6-7F9A-459C-8302-3F848C89C3C0}.Debug|Any CPU.Build.0 = Debug|Any CPU
		{D52F70D6-7F9A-459C-8302-3F848C89C3C0}.Debug|Mixed Platforms.ActiveCfg = Debug|Any CPU
		{D52F70D6-7F9A-459C-8302-3F848C89C3C0}.Debug|Mixed Platforms.Build.0 = Debug|Any CPU
		{D52F70D6-7F9A-459C-8302-3F848C89C3C0}.Debug|x64.ActiveCfg = Debug|Any CPU
		{D52F70D6-7F9A-459C-8302-3F848C89C3C0}.Debug|x64.Build.0 = Debug|Any CPU
		{D52F70D6-7F9A-459C-8302-3F848C89C3C0}.Debug|x86.ActiveCfg = Debug|Any CPU
		{D52F70D6-7F9A-459C-8302-3F848C89C3C0}.Debug|x86.Build.0 = Debug|Any CPU
		{D52F70D6-7F9A-459C-8302-3F848C89C3C0}.Release|Any CPU.ActiveCfg = Release|Any CPU
		{D52F70D6-7F9A-459C-8302-3F848C89C3C0}.Release|Any CPU.Build.0 = Release|Any CPU
		{D52F70D6-7F9A-459C-8302-3F848C89C3C0}.Release|Mixed Platforms.ActiveCfg = Release|Any CPU
		{D52F70D6-7F9A-459C-8302-3F848C89C3C0}.Release|Mixed Platforms.Build.0 = Release|Any CPU
		{D52F70D6-7F9A-459C-8302-3F848C89C3C0}.Release|x64.ActiveCfg = Release|Any CPU
		{D52F70D6-7F9A-459C-8302-3F848C89C3C0}.Release|x64.Build.0 = Release|Any CPU
		{D52F70D6-7F9A-459C-8302-3F848C89C3C0}.Release|x86.ActiveCfg = Release|Any CPU
		{FA0A5A6C-6A27-4E41-9910-314CB6D4F448}.Debug|Any CPU.ActiveCfg = Debug|Any CPU
		{FA0A5A6C-6A27-4E41-9910-314CB6D4F448}.Debug|Any CPU.Build.0 = Debug|Any CPU
		{FA0A5A6C-6A27-4E41-9910-314CB6D4F448}.Debug|Mixed Platforms.ActiveCfg = Debug|Any CPU
		{FA0A5A6C-6A27-4E41-9910-314CB6D4F448}.Debug|Mixed Platforms.Build.0 = Debug|Any CPU
		{FA0A5A6C-6A27-4E41-9910-314CB6D4F448}.Debug|x64.ActiveCfg = Debug|Any CPU
		{FA0A5A6C-6A27-4E41-9910-314CB6D4F448}.Debug|x64.Build.0 = Debug|Any CPU
		{FA0A5A6C-6A27-4E41-9910-314CB6D4F448}.Debug|x86.ActiveCfg = Debug|Any CPU
		{FA0A5A6C-6A27-4E41-9910-314CB6D4F448}.Debug|x86.Build.0 = Debug|Any CPU
		{FA0A5A6C-6A27-4E41-9910-314CB6D4F448}.Release|Any CPU.ActiveCfg = Release|Any CPU
		{FA0A5A6C-6A27-4E41-9910-314CB6D4F448}.Release|Any CPU.Build.0 = Release|Any CPU
		{FA0A5A6C-6A27-4E41-9910-314CB6D4F448}.Release|Mixed Platforms.ActiveCfg = Release|Any CPU
		{FA0A5A6C-6A27-4E41-9910-314CB6D4F448}.Release|Mixed Platforms.Build.0 = Release|Any CPU
		{FA0A5A6C-6A27-4E41-9910-314CB6D4F448}.Release|x64.ActiveCfg = Release|Any CPU
		{FA0A5A6C-6A27-4E41-9910-314CB6D4F448}.Release|x64.Build.0 = Release|Any CPU
		{FA0A5A6C-6A27-4E41-9910-314CB6D4F448}.Release|x86.ActiveCfg = Release|Any CPU
		{EBAB25A5-EC6E-4705-8550-983B74740828}.Debug|Any CPU.ActiveCfg = Debug|x86
		{EBAB25A5-EC6E-4705-8550-983B74740828}.Debug|Any CPU.Build.0 = Debug|x86
		{EBAB25A5-EC6E-4705-8550-983B74740828}.Debug|Mixed Platforms.ActiveCfg = Debug|x86
		{EBAB25A5-EC6E-4705-8550-983B74740828}.Debug|Mixed Platforms.Build.0 = Debug|x86
		{EBAB25A5-EC6E-4705-8550-983B74740828}.Debug|x64.ActiveCfg = Debug|x64
		{EBAB25A5-EC6E-4705-8550-983B74740828}.Debug|x64.Build.0 = Debug|x64
		{EBAB25A5-EC6E-4705-8550-983B74740828}.Debug|x86.ActiveCfg = Debug|x86
		{EBAB25A5-EC6E-4705-8550-983B74740828}.Debug|x86.Build.0 = Debug|x86
		{EBAB25A5-EC6E-4705-8550-983B74740828}.Release|Any CPU.ActiveCfg = Release|x86
		{EBAB25A5-EC6E-4705-8550-983B74740828}.Release|Mixed Platforms.ActiveCfg = Release|x86
		{EBAB25A5-EC6E-4705-8550-983B74740828}.Release|Mixed Platforms.Build.0 = Release|x86
		{EBAB25A5-EC6E-4705-8550-983B74740828}.Release|x64.ActiveCfg = Release|x64
		{EBAB25A5-EC6E-4705-8550-983B74740828}.Release|x64.Build.0 = Release|x64
		{EBAB25A5-EC6E-4705-8550-983B74740828}.Release|x86.ActiveCfg = Release|x86
		{EBAB25A5-EC6E-4705-8550-983B74740828}.Release|x86.Build.0 = Release|x86
		{83AFB279-5FA1-4240-8509-16FBA4A40B96}.Debug|Any CPU.ActiveCfg = Debug|Any CPU
		{83AFB279-5FA1-4240-8509-16FBA4A40B96}.Debug|Any CPU.Build.0 = Debug|Any CPU
		{83AFB279-5FA1-4240-8509-16FBA4A40B96}.Debug|Mixed Platforms.ActiveCfg = Debug|Any CPU
		{83AFB279-5FA1-4240-8509-16FBA4A40B96}.Debug|Mixed Platforms.Build.0 = Debug|Any CPU
		{83AFB279-5FA1-4240-8509-16FBA4A40B96}.Debug|x64.ActiveCfg = Debug|Any CPU
		{83AFB279-5FA1-4240-8509-16FBA4A40B96}.Debug|x64.Build.0 = Debug|Any CPU
		{83AFB279-5FA1-4240-8509-16FBA4A40B96}.Debug|x86.ActiveCfg = Debug|Any CPU
		{83AFB279-5FA1-4240-8509-16FBA4A40B96}.Debug|x86.Build.0 = Debug|Any CPU
		{83AFB279-5FA1-4240-8509-16FBA4A40B96}.Release|Any CPU.ActiveCfg = Release|Any CPU
		{83AFB279-5FA1-4240-8509-16FBA4A40B96}.Release|Any CPU.Build.0 = Release|Any CPU
		{83AFB279-5FA1-4240-8509-16FBA4A40B96}.Release|Mixed Platforms.ActiveCfg = Release|Any CPU
		{83AFB279-5FA1-4240-8509-16FBA4A40B96}.Release|Mixed Platforms.Build.0 = Release|Any CPU
		{83AFB279-5FA1-4240-8509-16FBA4A40B96}.Release|x64.ActiveCfg = Release|Any CPU
		{83AFB279-5FA1-4240-8509-16FBA4A40B96}.Release|x64.Build.0 = Release|Any CPU
		{83AFB279-5FA1-4240-8509-16FBA4A40B96}.Release|x86.ActiveCfg = Release|Any CPU
		{83AFB279-5FA1-4240-8509-16FBA4A40B96}.Release|x86.Build.0 = Release|Any CPU
		{5E1EBCA6-B6FA-46D0-9CD9-6DC7274900E0}.Debug|Any CPU.ActiveCfg = Debug|Any CPU
		{5E1EBCA6-B6FA-46D0-9CD9-6DC7274900E0}.Debug|Any CPU.Build.0 = Debug|Any CPU
		{5E1EBCA6-B6FA-46D0-9CD9-6DC7274900E0}.Debug|Mixed Platforms.ActiveCfg = Debug|Any CPU
		{5E1EBCA6-B6FA-46D0-9CD9-6DC7274900E0}.Debug|Mixed Platforms.Build.0 = Debug|Any CPU
		{5E1EBCA6-B6FA-46D0-9CD9-6DC7274900E0}.Debug|x64.ActiveCfg = Debug|Any CPU
		{5E1EBCA6-B6FA-46D0-9CD9-6DC7274900E0}.Debug|x64.Build.0 = Debug|Any CPU
		{5E1EBCA6-B6FA-46D0-9CD9-6DC7274900E0}.Debug|x86.ActiveCfg = Debug|Any CPU
		{5E1EBCA6-B6FA-46D0-9CD9-6DC7274900E0}.Debug|x86.Build.0 = Debug|Any CPU
		{5E1EBCA6-B6FA-46D0-9CD9-6DC7274900E0}.Release|Any CPU.ActiveCfg = Release|Any CPU
		{5E1EBCA6-B6FA-46D0-9CD9-6DC7274900E0}.Release|Any CPU.Build.0 = Release|Any CPU
		{5E1EBCA6-B6FA-46D0-9CD9-6DC7274900E0}.Release|Mixed Platforms.ActiveCfg = Release|Any CPU
		{5E1EBCA6-B6FA-46D0-9CD9-6DC7274900E0}.Release|Mixed Platforms.Build.0 = Release|Any CPU
		{5E1EBCA6-B6FA-46D0-9CD9-6DC7274900E0}.Release|x64.ActiveCfg = Release|Any CPU
		{5E1EBCA6-B6FA-46D0-9CD9-6DC7274900E0}.Release|x64.Build.0 = Release|Any CPU
		{5E1EBCA6-B6FA-46D0-9CD9-6DC7274900E0}.Release|x86.ActiveCfg = Release|Any CPU
		{5E1EBCA6-B6FA-46D0-9CD9-6DC7274900E0}.Release|x86.Build.0 = Release|Any CPU
		{90D05E7A-1450-4076-ABCB-0795D2E278A8}.Debug|Any CPU.ActiveCfg = Debug|Any CPU
		{90D05E7A-1450-4076-ABCB-0795D2E278A8}.Debug|Any CPU.Build.0 = Debug|Any CPU
		{90D05E7A-1450-4076-ABCB-0795D2E278A8}.Debug|Mixed Platforms.ActiveCfg = Debug|Any CPU
		{90D05E7A-1450-4076-ABCB-0795D2E278A8}.Debug|Mixed Platforms.Build.0 = Debug|Any CPU
		{90D05E7A-1450-4076-ABCB-0795D2E278A8}.Debug|x64.ActiveCfg = Debug|Any CPU
		{90D05E7A-1450-4076-ABCB-0795D2E278A8}.Debug|x86.ActiveCfg = Debug|Any CPU
		{90D05E7A-1450-4076-ABCB-0795D2E278A8}.Release|Any CPU.ActiveCfg = Release|Any CPU
		{90D05E7A-1450-4076-ABCB-0795D2E278A8}.Release|Any CPU.Build.0 = Release|Any CPU
		{90D05E7A-1450-4076-ABCB-0795D2E278A8}.Release|Mixed Platforms.ActiveCfg = Release|Any CPU
		{90D05E7A-1450-4076-ABCB-0795D2E278A8}.Release|Mixed Platforms.Build.0 = Release|Any CPU
		{90D05E7A-1450-4076-ABCB-0795D2E278A8}.Release|x64.ActiveCfg = Release|Any CPU
		{90D05E7A-1450-4076-ABCB-0795D2E278A8}.Release|x86.ActiveCfg = Release|Any CPU
		{DD5CB344-004A-4A59-8BEE-98162DBECD33}.Debug|Any CPU.ActiveCfg = Debug|Any CPU
		{DD5CB344-004A-4A59-8BEE-98162DBECD33}.Debug|Any CPU.Build.0 = Debug|Any CPU
		{DD5CB344-004A-4A59-8BEE-98162DBECD33}.Debug|Mixed Platforms.ActiveCfg = Debug|Any CPU
		{DD5CB344-004A-4A59-8BEE-98162DBECD33}.Debug|Mixed Platforms.Build.0 = Debug|Any CPU
		{DD5CB344-004A-4A59-8BEE-98162DBECD33}.Debug|x64.ActiveCfg = Debug|Any CPU
		{DD5CB344-004A-4A59-8BEE-98162DBECD33}.Debug|x64.Build.0 = Debug|Any CPU
		{DD5CB344-004A-4A59-8BEE-98162DBECD33}.Debug|x86.ActiveCfg = Debug|Any CPU
		{DD5CB344-004A-4A59-8BEE-98162DBECD33}.Debug|x86.Build.0 = Debug|Any CPU
		{DD5CB344-004A-4A59-8BEE-98162DBECD33}.Release|Any CPU.ActiveCfg = Release|Any CPU
		{DD5CB344-004A-4A59-8BEE-98162DBECD33}.Release|Any CPU.Build.0 = Release|Any CPU
		{DD5CB344-004A-4A59-8BEE-98162DBECD33}.Release|Mixed Platforms.ActiveCfg = Release|Any CPU
		{DD5CB344-004A-4A59-8BEE-98162DBECD33}.Release|Mixed Platforms.Build.0 = Release|Any CPU
		{DD5CB344-004A-4A59-8BEE-98162DBECD33}.Release|x64.ActiveCfg = Release|Any CPU
		{DD5CB344-004A-4A59-8BEE-98162DBECD33}.Release|x64.Build.0 = Release|Any CPU
		{DD5CB344-004A-4A59-8BEE-98162DBECD33}.Release|x86.ActiveCfg = Release|Any CPU
		{DD5CB344-004A-4A59-8BEE-98162DBECD33}.Release|x86.Build.0 = Release|Any CPU
		{3B7DDA17-D46D-463D-82A8-785A78A2E4B6}.Debug|Any CPU.ActiveCfg = Debug|Any CPU
		{3B7DDA17-D46D-463D-82A8-785A78A2E4B6}.Debug|Any CPU.Build.0 = Debug|Any CPU
		{3B7DDA17-D46D-463D-82A8-785A78A2E4B6}.Debug|Mixed Platforms.ActiveCfg = Debug|Any CPU
		{3B7DDA17-D46D-463D-82A8-785A78A2E4B6}.Debug|Mixed Platforms.Build.0 = Debug|Any CPU
		{3B7DDA17-D46D-463D-82A8-785A78A2E4B6}.Debug|x64.ActiveCfg = Debug|Any CPU
		{3B7DDA17-D46D-463D-82A8-785A78A2E4B6}.Debug|x86.ActiveCfg = Debug|Any CPU
		{3B7DDA17-D46D-463D-82A8-785A78A2E4B6}.Release|Any CPU.ActiveCfg = Release|Any CPU
		{3B7DDA17-D46D-463D-82A8-785A78A2E4B6}.Release|Any CPU.Build.0 = Release|Any CPU
		{3B7DDA17-D46D-463D-82A8-785A78A2E4B6}.Release|Mixed Platforms.ActiveCfg = Release|Any CPU
		{3B7DDA17-D46D-463D-82A8-785A78A2E4B6}.Release|Mixed Platforms.Build.0 = Release|Any CPU
		{3B7DDA17-D46D-463D-82A8-785A78A2E4B6}.Release|x64.ActiveCfg = Release|Any CPU
		{3B7DDA17-D46D-463D-82A8-785A78A2E4B6}.Release|x86.ActiveCfg = Release|Any CPU
	EndGlobalSection
	GlobalSection(SolutionProperties) = preSolution
		HideSolutionNode = FALSE
	EndGlobalSection
	GlobalSection(MonoDevelopProperties) = preSolution
		StartupItem = System.Spec.Specs\System.Spec.Specs.csproj
		Policies = $0
		$0.DotNetNamingPolicy = $1
		$1.DirectoryNamespaceAssociation = PrefixedHierarchical
		$1.ResourceNamePolicy = FileName
		$0.TextStylePolicy = $2
		$2.FileWidth = 120
		$2.TabsToSpaces = False
		$2.inheritsSet = VisualStudio
		$2.inheritsScope = text/plain
	EndGlobalSection
EndGlobal
